
Microsoft Visual Studio Solution File, Format Version 12.00
# Visual Studio Version 17
VisualStudioVersion = 17.10.35122.118
MinimumVisualStudioVersion = 10.0.40219.1
Project("{FAE04EC0-301F-11D3-BF4B-00C04F79EFBC}") = "Laba 7", "Laba 7\Laba 7.csproj", "{ECC1C718-F0F3-44CA-9D2A-0F791F8A6077}"
EndProject
Global
	GlobalSection(SolutionConfigurationPlatforms) = preSolution
		Debug|Any CPU = Debug|Any CPU
		Release|Any CPU = Release|Any CPU
	EndGlobalSection
	GlobalSection(ProjectConfigurationPlatforms) = postSolution
		{ECC1C718-F0F3-44CA-9D2A-0F791F8A6077}.Debug|Any CPU.ActiveCfg = Debug|Any CPU
		{ECC1C718-F0F3-44CA-9D2A-0F791F8A6077}.Debug|Any CPU.Build.0 = Debug|Any CPU
		{ECC1C718-F0F3-44CA-9D2A-0F791F8A6077}.Release|Any CPU.ActiveCfg = Release|Any CPU
		{ECC1C718-F0F3-44CA-9D2A-0F791F8A6077}.Release|Any CPU.Build.0 = Release|Any CPU
	EndGlobalSection
	GlobalSection(SolutionProperties) = preSolution
		HideSolutionNode = FALSE
	EndGlobalSection
	GlobalSection(ExtensibilityGlobals) = postSolution
		SolutionGuid = {995A7472-0A72-4988-A341-4B118984A1FF}
	EndGlobalSection
EndGlobal
